
Microsoft Visual Studio Solution File, Format Version 12.00
# Visual Studio Version 16
VisualStudioVersion = 16.0.29806.167
MinimumVisualStudioVersion = 10.0.40219.1
Project("{9A19103F-16F7-4668-BE54-9A1E7A4F7556}") = "EnumeracaoComposicao2020", "EnumeracaoComposicao2020\EnumeracaoComposicao2020.csproj", "{9C63C6C8-8391-4633-AF3A-40C888F11829}"
EndProject
Global
	GlobalSection(SolutionConfigurationPlatforms) = preSolution
		Debug|Any CPU = Debug|Any CPU
		Release|Any CPU = Release|Any CPU
	EndGlobalSection
	GlobalSection(ProjectConfigurationPlatforms) = postSolution
		{9C63C6C8-8391-4633-AF3A-40C888F11829}.Debug|Any CPU.ActiveCfg = Debug|Any CPU
		{9C63C6C8-8391-4633-AF3A-40C888F11829}.Debug|Any CPU.Build.0 = Debug|Any CPU
		{9C63C6C8-8391-4633-AF3A-40C888F11829}.Release|Any CPU.ActiveCfg = Release|Any CPU
		{9C63C6C8-8391-4633-AF3A-40C888F11829}.Release|Any CPU.Build.0 = Release|Any CPU
	EndGlobalSection
	GlobalSection(SolutionProperties) = preSolution
		HideSolutionNode = FALSE
	EndGlobalSection
	GlobalSection(ExtensibilityGlobals) = postSolution
		SolutionGuid = {DD1634A5-B1C9-4DCB-BEC2-6BF4C7A1770B}
	EndGlobalSection
EndGlobal
